
Microsoft Visual Studio Solution File, Format Version 12.00
# Visual Studio 15
VisualStudioVersion = 15.0.27130.2036
MinimumVisualStudioVersion = 10.0.40219.1
Project("{FAE04EC0-301F-11D3-BF4B-00C04F79EFBC}") = "SP_Server", "SP_Server\SP_Server.csproj", "{8CA2F3D2-55BB-4826-A4CB-80052C66C30A}"
EndProject
Project("{FAE04EC0-301F-11D3-BF4B-00C04F79EFBC}") = "FreeNet", "SP_Server\FreeNet\FreeNet.csproj", "{90786D2B-F7A9-4A90-A073-838EF232BA6A}"
EndProject
Global
	GlobalSection(SolutionConfigurationPlatforms) = preSolution
		Debug|Any CPU = Debug|Any CPU
		Release|Any CPU = Release|Any CPU
	EndGlobalSection
	GlobalSection(ProjectConfigurationPlatforms) = postSolution
		{8CA2F3D2-55BB-4826-A4CB-80052C66C30A}.Debug|Any CPU.ActiveCfg = Debug|Any CPU
		{8CA2F3D2-55BB-4826-A4CB-80052C66C30A}.Debug|Any CPU.Build.0 = Debug|Any CPU
		{8CA2F3D2-55BB-4826-A4CB-80052C66C30A}.Release|Any CPU.ActiveCfg = Release|Any CPU
		{8CA2F3D2-55BB-4826-A4CB-80052C66C30A}.Release|Any CPU.Build.0 = Release|Any CPU
		{90786D2B-F7A9-4A90-A073-838EF232BA6A}.Debug|Any CPU.ActiveCfg = Debug|Any CPU
		{90786D2B-F7A9-4A90-A073-838EF232BA6A}.Debug|Any CPU.Build.0 = Debug|Any CPU
		{90786D2B-F7A9-4A90-A073-838EF232BA6A}.Release|Any CPU.ActiveCfg = Release|Any CPU
		{90786D2B-F7A9-4A90-A073-838EF232BA6A}.Release|Any CPU.Build.0 = Release|Any CPU
	EndGlobalSection
	GlobalSection(SolutionProperties) = preSolution
		HideSolutionNode = FALSE
	EndGlobalSection
	GlobalSection(ExtensibilityGlobals) = postSolution
		SolutionGuid = {5961B098-EBD9-4A90-BDA8-5DED221AFBD5}
	EndGlobalSection
EndGlobal
